// !$*UTF8*$!
{
	archiveVersion = 1;
	classes = {
	};
	objectVersion = 51;
	objects = {

/* Begin PBXBuildFile section */
		4BFE2B101628B4C088F717BC /* Pods_InstagramTests.framework in Frameworks */ = {isa = PBXBuildFile; fileRef = 7085A6FE948D48EA73BEF0B9 /* Pods_InstagramTests.framework */; };
		BAE88594F1709F860B4F166A /* Pods_Instagram_InstagramUITests.framework in Frameworks */ = {isa = PBXBuildFile; fileRef = 6DC59A3001BE2FDB74061B7D /* Pods_Instagram_InstagramUITests.framework */; };
		C4F9B8C98A36B8431D31195B /* Pods_Instagram.framework in Frameworks */ = {isa = PBXBuildFile; fileRef = 6FFA3150F9F89F5BA7464E90 /* Pods_Instagram.framework */; };
		E1B720802532CA76007C7417 /* CommentCell.swift in Sources */ = {isa = PBXBuildFile; fileRef = E1B7207F2532CA76007C7417 /* CommentCell.swift */; };
		E1EF0B7725293EE200D45F44 /* AppDelegate.swift in Sources */ = {isa = PBXBuildFile; fileRef = E1EF0B7625293EE200D45F44 /* AppDelegate.swift */; };
		E1EF0B7925293EE200D45F44 /* SceneDelegate.swift in Sources */ = {isa = PBXBuildFile; fileRef = E1EF0B7825293EE200D45F44 /* SceneDelegate.swift */; };
		E1EF0B7E25293EE300D45F44 /* Main.storyboard in Resources */ = {isa = PBXBuildFile; fileRef = E1EF0B7C25293EE300D45F44 /* Main.storyboard */; };
		E1EF0B8025293EEF00D45F44 /* Assets.xcassets in Resources */ = {isa = PBXBuildFile; fileRef = E1EF0B7F25293EEF00D45F44 /* Assets.xcassets */; };
		E1EF0B8325293EEF00D45F44 /* LaunchScreen.storyboard in Resources */ = {isa = PBXBuildFile; fileRef = E1EF0B8125293EEF00D45F44 /* LaunchScreen.storyboard */; };
		E1EF0B8E25293EF000D45F44 /* InstagramTests.swift in Sources */ = {isa = PBXBuildFile; fileRef = E1EF0B8D25293EF000D45F44 /* InstagramTests.swift */; };
		E1EF0B9925293EF000D45F44 /* InstagramUITests.swift in Sources */ = {isa = PBXBuildFile; fileRef = E1EF0B9825293EF000D45F44 /* InstagramUITests.swift */; };
		E1F5C05B25295AF600A55CF7 /* LoginViewController.swift in Sources */ = {isa = PBXBuildFile; fileRef = E1F5C05A25295AF600A55CF7 /* LoginViewController.swift */; };
		E1F5C05D25295B1700A55CF7 /* FeedViewController.swift in Sources */ = {isa = PBXBuildFile; fileRef = E1F5C05C25295B1700A55CF7 /* FeedViewController.swift */; };
		E1F5C05F25295BD900A55CF7 /* instagram_assets in Resources */ = {isa = PBXBuildFile; fileRef = E1F5C05E25295BD900A55CF7 /* instagram_assets */; };
		E1F5C06125296F2000A55CF7 /* CameraViewController.swift in Sources */ = {isa = PBXBuildFile; fileRef = E1F5C06025296F2000A55CF7 /* CameraViewController.swift */; };
		E1F5C0632529855000A55CF7 /* PostCell.swift in Sources */ = {isa = PBXBuildFile; fileRef = E1F5C0622529855000A55CF7 /* PostCell.swift */; };
/* End PBXBuildFile section */

/* Begin PBXContainerItemProxy section */
		E1EF0B8A25293EF000D45F44 /* PBXContainerItemProxy */ = {
			isa = PBXContainerItemProxy;
			containerPortal = E1EF0B6B25293EE200D45F44 /* Project object */;
			proxyType = 1;
			remoteGlobalIDString = E1EF0B7225293EE200D45F44;
			remoteInfo = Instagram;
		};
		E1EF0B9525293EF000D45F44 /* PBXContainerItemProxy */ = {
			isa = PBXContainerItemProxy;
			containerPortal = E1EF0B6B25293EE200D45F44 /* Project object */;
			proxyType = 1;
			remoteGlobalIDString = E1EF0B7225293EE200D45F44;
			remoteInfo = Instagram;
		};
/* End PBXContainerItemProxy section */

/* Begin PBXFileReference section */
		501A6BDE1FC35DEF4719C601 /* Pods-Instagram.release.xcconfig */ = {isa = PBXFileReference; includeInIndex = 1; lastKnownFileType = text.xcconfig; name = "Pods-Instagram.release.xcconfig"; path = "Target Support Files/Pods-Instagram/Pods-Instagram.release.xcconfig"; sourceTree = "<group>"; };
		685904719163DAB2810ECCF4 /* Pods-Instagram-InstagramUITests.debug.xcconfig */ = {isa = PBXFileReference; includeInIndex = 1; lastKnownFileType = text.xcconfig; name = "Pods-Instagram-InstagramUITests.debug.xcconfig"; path = "Target Support Files/Pods-Instagram-InstagramUITests/Pods-Instagram-InstagramUITests.debug.xcconfig"; sourceTree = "<group>"; };
		6DC59A3001BE2FDB74061B7D /* Pods_Instagram_InstagramUITests.framework */ = {isa = PBXFileReference; explicitFileType = wrapper.framework; includeInIndex = 0; path = Pods_Instagram_InstagramUITests.framework; sourceTree = BUILT_PRODUCTS_DIR; };
		6FFA3150F9F89F5BA7464E90 /* Pods_Instagram.framework */ = {isa = PBXFileReference; explicitFileType = wrapper.framework; includeInIndex = 0; path = Pods_Instagram.framework; sourceTree = BUILT_PRODUCTS_DIR; };
		7085A6FE948D48EA73BEF0B9 /* Pods_InstagramTests.framework */ = {isa = PBXFileReference; explicitFileType = wrapper.framework; includeInIndex = 0; path = Pods_InstagramTests.framework; sourceTree = BUILT_PRODUCTS_DIR; };
		7C7B823904D08788006E8610 /* Pods-Instagram-InstagramUITests.release.xcconfig */ = {isa = PBXFileReference; includeInIndex = 1; lastKnownFileType = text.xcconfig; name = "Pods-Instagram-InstagramUITests.release.xcconfig"; path = "Target Support Files/Pods-Instagram-InstagramUITests/Pods-Instagram-InstagramUITests.release.xcconfig"; sourceTree = "<group>"; };
		A13554FA4B41BB15FB7348AE /* Pods-InstagramTests.debug.xcconfig */ = {isa = PBXFileReference; includeInIndex = 1; lastKnownFileType = text.xcconfig; name = "Pods-InstagramTests.debug.xcconfig"; path = "Target Support Files/Pods-InstagramTests/Pods-InstagramTests.debug.xcconfig"; sourceTree = "<group>"; };
		A7A664822A5573D725695D0A /* Pods-InstagramTests.release.xcconfig */ = {isa = PBXFileReference; includeInIndex = 1; lastKnownFileType = text.xcconfig; name = "Pods-InstagramTests.release.xcconfig"; path = "Target Support Files/Pods-InstagramTests/Pods-InstagramTests.release.xcconfig"; sourceTree = "<group>"; };
		E1B7207F2532CA76007C7417 /* CommentCell.swift */ = {isa = PBXFileReference; lastKnownFileType = sourcecode.swift; path = CommentCell.swift; sourceTree = "<group>"; };
		E1EF0B7325293EE200D45F44 /* Instagram.app */ = {isa = PBXFileReference; explicitFileType = wrapper.application; includeInIndex = 0; path = Instagram.app; sourceTree = BUILT_PRODUCTS_DIR; };
		E1EF0B7625293EE200D45F44 /* AppDelegate.swift */ = {isa = PBXFileReference; lastKnownFileType = sourcecode.swift; path = AppDelegate.swift; sourceTree = "<group>"; };
		E1EF0B7825293EE200D45F44 /* SceneDelegate.swift */ = {isa = PBXFileReference; lastKnownFileType = sourcecode.swift; path = SceneDelegate.swift; sourceTree = "<group>"; };
		E1EF0B7D25293EE300D45F44 /* Base */ = {isa = PBXFileReference; lastKnownFileType = file.storyboard; name = Base; path = Base.lproj/Main.storyboard; sourceTree = "<group>"; };
		E1EF0B7F25293EEF00D45F44 /* Assets.xcassets */ = {isa = PBXFileReference; lastKnownFileType = folder.assetcatalog; path = Assets.xcassets; sourceTree = "<group>"; };
		E1EF0B8225293EEF00D45F44 /* Base */ = {isa = PBXFileReference; lastKnownFileType = file.storyboard; name = Base; path = Base.lproj/LaunchScreen.storyboard; sourceTree = "<group>"; };
		E1EF0B8425293EEF00D45F44 /* Info.plist */ = {isa = PBXFileReference; lastKnownFileType = text.plist.xml; path = Info.plist; sourceTree = "<group>"; };
		E1EF0B8925293EF000D45F44 /* InstagramTests.xctest */ = {isa = PBXFileReference; explicitFileType = wrapper.cfbundle; includeInIndex = 0; path = InstagramTests.xctest; sourceTree = BUILT_PRODUCTS_DIR; };
		E1EF0B8D25293EF000D45F44 /* InstagramTests.swift */ = {isa = PBXFileReference; lastKnownFileType = sourcecode.swift; path = InstagramTests.swift; sourceTree = "<group>"; };
		E1EF0B8F25293EF000D45F44 /* Info.plist */ = {isa = PBXFileReference; lastKnownFileType = text.plist.xml; path = Info.plist; sourceTree = "<group>"; };
		E1EF0B9425293EF000D45F44 /* InstagramUITests.xctest */ = {isa = PBXFileReference; explicitFileType = wrapper.cfbundle; includeInIndex = 0; path = InstagramUITests.xctest; sourceTree = BUILT_PRODUCTS_DIR; };
		E1EF0B9825293EF000D45F44 /* InstagramUITests.swift */ = {isa = PBXFileReference; lastKnownFileType = sourcecode.swift; path = InstagramUITests.swift; sourceTree = "<group>"; };
		E1EF0B9A25293EF000D45F44 /* Info.plist */ = {isa = PBXFileReference; lastKnownFileType = text.plist.xml; path = Info.plist; sourceTree = "<group>"; };
		E1F5C05A25295AF600A55CF7 /* LoginViewController.swift */ = {isa = PBXFileReference; lastKnownFileType = sourcecode.swift; path = LoginViewController.swift; sourceTree = "<group>"; };
		E1F5C05C25295B1700A55CF7 /* FeedViewController.swift */ = {isa = PBXFileReference; lastKnownFileType = sourcecode.swift; path = FeedViewController.swift; sourceTree = "<group>"; };
		E1F5C05E25295BD900A55CF7 /* instagram_assets */ = {isa = PBXFileReference; lastKnownFileType = folder; path = instagram_assets; sourceTree = "<group>"; };
		E1F5C06025296F2000A55CF7 /* CameraViewController.swift */ = {isa = PBXFileReference; lastKnownFileType = sourcecode.swift; path = CameraViewController.swift; sourceTree = "<group>"; };
		E1F5C0622529855000A55CF7 /* PostCell.swift */ = {isa = PBXFileReference; lastKnownFileType = sourcecode.swift; path = PostCell.swift; sourceTree = "<group>"; };
		EF384BE08344D46C8A272B74 /* Pods-Instagram.debug.xcconfig */ = {isa = PBXFileReference; includeInIndex = 1; lastKnownFileType = text.xcconfig; name = "Pods-Instagram.debug.xcconfig"; path = "Target Support Files/Pods-Instagram/Pods-Instagram.debug.xcconfig"; sourceTree = "<group>"; };
/* End PBXFileReference section */

/* Begin PBXFrameworksBuildPhase section */
		E1EF0B7025293EE200D45F44 /* Frameworks */ = {
			isa = PBXFrameworksBuildPhase;
			buildActionMask = 2147483647;
			files = (
				C4F9B8C98A36B8431D31195B /* Pods_Instagram.framework in Frameworks */,
			);
			runOnlyForDeploymentPostprocessing = 0;
		};
		E1EF0B8625293EF000D45F44 /* Frameworks */ = {
			isa = PBXFrameworksBuildPhase;
			buildActionMask = 2147483647;
			files = (
				4BFE2B101628B4C088F717BC /* Pods_InstagramTests.framework in Frameworks */,
			);
			runOnlyForDeploymentPostprocessing = 0;
		};
		E1EF0B9125293EF000D45F44 /* Frameworks */ = {
			isa = PBXFrameworksBuildPhase;
			buildActionMask = 2147483647;
			files = (
				BAE88594F1709F860B4F166A /* Pods_Instagram_InstagramUITests.framework in Frameworks */,
			);
			runOnlyForDeploymentPostprocessing = 0;
		};
/* End PBXFrameworksBuildPhase section */

/* Begin PBXGroup section */
		4DE4C60B20E3A96D411219CE /* Pods */ = {
			isa = PBXGroup;
			children = (
				EF384BE08344D46C8A272B74 /* Pods-Instagram.debug.xcconfig */,
				501A6BDE1FC35DEF4719C601 /* Pods-Instagram.release.xcconfig */,
				685904719163DAB2810ECCF4 /* Pods-Instagram-InstagramUITests.debug.xcconfig */,
				7C7B823904D08788006E8610 /* Pods-Instagram-InstagramUITests.release.xcconfig */,
				A13554FA4B41BB15FB7348AE /* Pods-InstagramTests.debug.xcconfig */,
				A7A664822A5573D725695D0A /* Pods-InstagramTests.release.xcconfig */,
			);
			path = Pods;
			sourceTree = "<group>";
		};
		A8E7588E3357156A2EEA10AC /* Frameworks */ = {
			isa = PBXGroup;
			children = (
				6FFA3150F9F89F5BA7464E90 /* Pods_Instagram.framework */,
				6DC59A3001BE2FDB74061B7D /* Pods_Instagram_InstagramUITests.framework */,
				7085A6FE948D48EA73BEF0B9 /* Pods_InstagramTests.framework */,
			);
			name = Frameworks;
			sourceTree = "<group>";
		};
		E1EF0B6A25293EE200D45F44 = {
			isa = PBXGroup;
			children = (
				E1EF0B7525293EE200D45F44 /* Instagram */,
				E1EF0B8C25293EF000D45F44 /* InstagramTests */,
				E1EF0B9725293EF000D45F44 /* InstagramUITests */,
				E1EF0B7425293EE200D45F44 /* Products */,
				4DE4C60B20E3A96D411219CE /* Pods */,
				A8E7588E3357156A2EEA10AC /* Frameworks */,
			);
			sourceTree = "<group>";
		};
		E1EF0B7425293EE200D45F44 /* Products */ = {
			isa = PBXGroup;
			children = (
				E1EF0B7325293EE200D45F44 /* Instagram.app */,
				E1EF0B8925293EF000D45F44 /* InstagramTests.xctest */,
				E1EF0B9425293EF000D45F44 /* InstagramUITests.xctest */,
			);
			name = Products;
			sourceTree = "<group>";
		};
		E1EF0B7525293EE200D45F44 /* Instagram */ = {
			isa = PBXGroup;
			children = (
				E1EF0B7625293EE200D45F44 /* AppDelegate.swift */,
				E1EF0B7825293EE200D45F44 /* SceneDelegate.swift */,
				E1EF0B7C25293EE300D45F44 /* Main.storyboard */,
				E1F5C05E25295BD900A55CF7 /* instagram_assets */,
				E1EF0B7F25293EEF00D45F44 /* Assets.xcassets */,
				E1EF0B8125293EEF00D45F44 /* LaunchScreen.storyboard */,
				E1EF0B8425293EEF00D45F44 /* Info.plist */,
				E1F5C05A25295AF600A55CF7 /* LoginViewController.swift */,
				E1F5C05C25295B1700A55CF7 /* FeedViewController.swift */,
				E1F5C06025296F2000A55CF7 /* CameraViewController.swift */,
				E1F5C0622529855000A55CF7 /* PostCell.swift */,
				E1B7207F2532CA76007C7417 /* CommentCell.swift */,
			);
			path = Instagram;
			sourceTree = "<group>";
		};
		E1EF0B8C25293EF000D45F44 /* InstagramTests */ = {
			isa = PBXGroup;
			children = (
				E1EF0B8D25293EF000D45F44 /* InstagramTests.swift */,
				E1EF0B8F25293EF000D45F44 /* Info.plist */,
			);
			path = InstagramTests;
			sourceTree = "<group>";
		};
		E1EF0B9725293EF000D45F44 /* InstagramUITests */ = {
			isa = PBXGroup;
			children = (
				E1EF0B9825293EF000D45F44 /* InstagramUITests.swift */,
				E1EF0B9A25293EF000D45F44 /* Info.plist */,
			);
			path = InstagramUITests;
			sourceTree = "<group>";
		};
/* End PBXGroup section */

/* Begin PBXNativeTarget section */
		E1EF0B7225293EE200D45F44 /* Instagram */ = {
			isa = PBXNativeTarget;
			buildConfigurationList = E1EF0B9D25293EF000D45F44 /* Build configuration list for PBXNativeTarget "Instagram" */;
			buildPhases = (
				5EC4258584E6F7D69C640502 /* [CP] Check Pods Manifest.lock */,
				E1EF0B6F25293EE200D45F44 /* Sources */,
				E1EF0B7025293EE200D45F44 /* Frameworks */,
				E1EF0B7125293EE200D45F44 /* Resources */,
				98A4E38C0EB9A5C7A58957F5 /* [CP] Embed Pods Frameworks */,
			);
			buildRules = (
			);
			dependencies = (
			);
			name = Instagram;
			productName = Instagram;
			productReference = E1EF0B7325293EE200D45F44 /* Instagram.app */;
			productType = "com.apple.product-type.application";
		};
		E1EF0B8825293EF000D45F44 /* InstagramTests */ = {
			isa = PBXNativeTarget;
			buildConfigurationList = E1EF0BA025293EF000D45F44 /* Build configuration list for PBXNativeTarget "InstagramTests" */;
			buildPhases = (
				70DC63263FAD367FD82FEF67 /* [CP] Check Pods Manifest.lock */,
				E1EF0B8525293EF000D45F44 /* Sources */,
				E1EF0B8625293EF000D45F44 /* Frameworks */,
				E1EF0B8725293EF000D45F44 /* Resources */,
			);
			buildRules = (
			);
			dependencies = (
				E1EF0B8B25293EF000D45F44 /* PBXTargetDependency */,
			);
			name = InstagramTests;
			productName = InstagramTests;
			productReference = E1EF0B8925293EF000D45F44 /* InstagramTests.xctest */;
			productType = "com.apple.product-type.bundle.unit-test";
		};
		E1EF0B9325293EF000D45F44 /* InstagramUITests */ = {
			isa = PBXNativeTarget;
			buildConfigurationList = E1EF0BA325293EF000D45F44 /* Build configuration list for PBXNativeTarget "InstagramUITests" */;
			buildPhases = (
				838CAFB402900999D82DB75C /* [CP] Check Pods Manifest.lock */,
				E1EF0B9025293EF000D45F44 /* Sources */,
				E1EF0B9125293EF000D45F44 /* Frameworks */,
				E1EF0B9225293EF000D45F44 /* Resources */,
				D2BC788D1891601988BBA5B9 /* [CP] Embed Pods Frameworks */,
			);
			buildRules = (
			);
			dependencies = (
				E1EF0B9625293EF000D45F44 /* PBXTargetDependency */,
			);
			name = InstagramUITests;
			productName = InstagramUITests;
			productReference = E1EF0B9425293EF000D45F44 /* InstagramUITests.xctest */;
			productType = "com.apple.product-type.bundle.ui-testing";
		};
/* End PBXNativeTarget section */

/* Begin PBXProject section */
		E1EF0B6B25293EE200D45F44 /* Project object */ = {
			isa = PBXProject;
			attributes = {
				LastSwiftUpdateCheck = 1170;
				LastUpgradeCheck = 1170;
				ORGANIZATIONNAME = "Phillip Lagua";
				TargetAttributes = {
					E1EF0B7225293EE200D45F44 = {
						CreatedOnToolsVersion = 11.7;
					};
					E1EF0B8825293EF000D45F44 = {
						CreatedOnToolsVersion = 11.7;
						TestTargetID = E1EF0B7225293EE200D45F44;
					};
					E1EF0B9325293EF000D45F44 = {
						CreatedOnToolsVersion = 11.7;
						TestTargetID = E1EF0B7225293EE200D45F44;
					};
				};
			};
			buildConfigurationList = E1EF0B6E25293EE200D45F44 /* Build configuration list for PBXProject "Instagram" */;
			compatibilityVersion = "Xcode 9.3";
			developmentRegion = en;
			hasScannedForEncodings = 0;
			knownRegions = (
				en,
				Base,
			);
			mainGroup = E1EF0B6A25293EE200D45F44;
			productRefGroup = E1EF0B7425293EE200D45F44 /* Products */;
			projectDirPath = "";
			projectRoot = "";
			targets = (
				E1EF0B7225293EE200D45F44 /* Instagram */,
				E1EF0B8825293EF000D45F44 /* InstagramTests */,
				E1EF0B9325293EF000D45F44 /* InstagramUITests */,
			);
		};
/* End PBXProject section */

/* Begin PBXResourcesBuildPhase section */
		E1EF0B7125293EE200D45F44 /* Resources */ = {
			isa = PBXResourcesBuildPhase;
			buildActionMask = 2147483647;
			files = (
				E1F5C05F25295BD900A55CF7 /* instagram_assets in Resources */,
				E1EF0B8325293EEF00D45F44 /* LaunchScreen.storyboard in Resources */,
				E1EF0B8025293EEF00D45F44 /* Assets.xcassets in Resources */,
				E1EF0B7E25293EE300D45F44 /* Main.storyboard in Resources */,
			);
			runOnlyForDeploymentPostprocessing = 0;
		};
		E1EF0B8725293EF000D45F44 /* Resources */ = {
			isa = PBXResourcesBuildPhase;
			buildActionMask = 2147483647;
			files = (
			);
			runOnlyForDeploymentPostprocessing = 0;
		};
		E1EF0B9225293EF000D45F44 /* Resources */ = {
			isa = PBXResourcesBuildPhase;
			buildActionMask = 2147483647;
			files = (
			);
			runOnlyForDeploymentPostprocessing = 0;
		};
/* End PBXResourcesBuildPhase section */

/* Begin PBXShellScriptBuildPhase section */
		5EC4258584E6F7D69C640502 /* [CP] Check Pods Manifest.lock */ = {
			isa = PBXShellScriptBuildPhase;
			buildActionMask = 2147483647;
			files = (
			);
			inputFileListPaths = (
			);
			inputPaths = (
				"${PODS_PODFILE_DIR_PATH}/Podfile.lock",
				"${PODS_ROOT}/Manifest.lock",
			);
			name = "[CP] Check Pods Manifest.lock";
			outputFileListPaths = (
			);
			outputPaths = (
				"$(DERIVED_FILE_DIR)/Pods-Instagram-checkManifestLockResult.txt",
			);
			runOnlyForDeploymentPostprocessing = 0;
			shellPath = /bin/sh;
			shellScript = "diff \"${PODS_PODFILE_DIR_PATH}/Podfile.lock\" \"${PODS_ROOT}/Manifest.lock\" > /dev/null\nif [ $? != 0 ] ; then\n    # print error to STDERR\n    echo \"error: The sandbox is not in sync with the Podfile.lock. Run 'pod install' or update your CocoaPods installation.\" >&2\n    exit 1\nfi\n# This output is used by Xcode 'outputs' to avoid re-running this script phase.\necho \"SUCCESS\" > \"${SCRIPT_OUTPUT_FILE_0}\"\n";
			showEnvVarsInLog = 0;
		};
		70DC63263FAD367FD82FEF67 /* [CP] Check Pods Manifest.lock */ = {
			isa = PBXShellScriptBuildPhase;
			buildActionMask = 2147483647;
			files = (
			);
			inputFileListPaths = (
			);
			inputPaths = (
				"${PODS_PODFILE_DIR_PATH}/Podfile.lock",
				"${PODS_ROOT}/Manifest.lock",
			);
			name = "[CP] Check Pods Manifest.lock";
			outputFileListPaths = (
			);
			outputPaths = (
				"$(DERIVED_FILE_DIR)/Pods-InstagramTests-checkManifestLockResult.txt",
			);
			runOnlyForDeploymentPostprocessing = 0;
			shellPath = /bin/sh;
			shellScript = "diff \"${PODS_PODFILE_DIR_PATH}/Podfile.lock\" \"${PODS_ROOT}/Manifest.lock\" > /dev/null\nif [ $? != 0 ] ; then\n    # print error to STDERR\n    echo \"error: The sandbox is not in sync with the Podfile.lock. Run 'pod install' or update your CocoaPods installation.\" >&2\n    exit 1\nfi\n# This output is used by Xcode 'outputs' to avoid re-running this script phase.\necho \"SUCCESS\" > \"${SCRIPT_OUTPUT_FILE_0}\"\n";
			showEnvVarsInLog = 0;
		};
		838CAFB402900999D82DB75C /* [CP] Check Pods Manifest.lock */ = {
			isa = PBXShellScriptBuildPhase;
			buildActionMask = 2147483647;
			files = (
			);
			inputFileListPaths = (
			);
			inputPaths = (
				"${PODS_PODFILE_DIR_PATH}/Podfile.lock",
				"${PODS_ROOT}/Manifest.lock",
			);
			name = "[CP] Check Pods Manifest.lock";
			outputFileListPaths = (
			);
			outputPaths = (
				"$(DERIVED_FILE_DIR)/Pods-Instagram-InstagramUITests-checkManifestLockResult.txt",
			);
			runOnlyForDeploymentPostprocessing = 0;
			shellPath = /bin/sh;
			shellScript = "diff \"${PODS_PODFILE_DIR_PATH}/Podfile.lock\" \"${PODS_ROOT}/Manifest.lock\" > /dev/null\nif [ $? != 0 ] ; then\n    # print error to STDERR\n    echo \"error: The sandbox is not in sync with the Podfile.lock. Run 'pod install' or update your CocoaPods installation.\" >&2\n    exit 1\nfi\n# This output is used by Xcode 'outputs' to avoid re-running this script phase.\necho \"SUCCESS\" > \"${SCRIPT_OUTPUT_FILE_0}\"\n";
			showEnvVarsInLog = 0;
		};
		98A4E38C0EB9A5C7A58957F5 /* [CP] Embed Pods Frameworks */ = {
			isa = PBXShellScriptBuildPhase;
			buildActionMask = 2147483647;
			files = (
			);
			inputFileListPaths = (
				"${PODS_ROOT}/Target Support Files/Pods-Instagram/Pods-Instagram-frameworks-${CONFIGURATION}-input-files.xcfilelist",
			);
			name = "[CP] Embed Pods Frameworks";
			outputFileListPaths = (
				"${PODS_ROOT}/Target Support Files/Pods-Instagram/Pods-Instagram-frameworks-${CONFIGURATION}-output-files.xcfilelist",
			);
			runOnlyForDeploymentPostprocessing = 0;
			shellPath = /bin/sh;
			shellScript = "\"${PODS_ROOT}/Target Support Files/Pods-Instagram/Pods-Instagram-frameworks.sh\"\n";
			showEnvVarsInLog = 0;
		};
		D2BC788D1891601988BBA5B9 /* [CP] Embed Pods Frameworks */ = {
			isa = PBXShellScriptBuildPhase;
			buildActionMask = 2147483647;
			files = (
			);
			inputFileListPaths = (
				"${PODS_ROOT}/Target Support Files/Pods-Instagram-InstagramUITests/Pods-Instagram-InstagramUITests-frameworks-${CONFIGURATION}-input-files.xcfilelist",
			);
			name = "[CP] Embed Pods Frameworks";
			outputFileListPaths = (
				"${PODS_ROOT}/Target Support Files/Pods-Instagram-InstagramUITests/Pods-Instagram-InstagramUITests-frameworks-${CONFIGURATION}-output-files.xcfilelist",
			);
			runOnlyForDeploymentPostprocessing = 0;
			shellPath = /bin/sh;
			shellScript = "\"${PODS_ROOT}/Target Support Files/Pods-Instagram-InstagramUITests/Pods-Instagram-InstagramUITests-frameworks.sh\"\n";
			showEnvVarsInLog = 0;
		};
/* End PBXShellScriptBuildPhase section */

/* Begin PBXSourcesBuildPhase section */
		E1EF0B6F25293EE200D45F44 /* Sources */ = {
			isa = PBXSourcesBuildPhase;
			buildActionMask = 2147483647;
			files = (
				E1F5C05B25295AF600A55CF7 /* LoginViewController.swift in Sources */,
				E1F5C06125296F2000A55CF7 /* CameraViewController.swift in Sources */,
				E1EF0B7725293EE200D45F44 /* AppDelegate.swift in Sources */,
				E1F5C05D25295B1700A55CF7 /* FeedViewController.swift in Sources */,
				E1EF0B7925293EE200D45F44 /* SceneDelegate.swift in Sources */,
				E1F5C0632529855000A55CF7 /* PostCell.swift in Sources */,
				E1B720802532CA76007C7417 /* CommentCell.swift in Sources */,
			);
			runOnlyForDeploymentPostprocessing = 0;
		};
		E1EF0B8525293EF000D45F44 /* Sources */ = {
			isa = PBXSourcesBuildPhase;
			buildActionMask = 2147483647;
			files = (
				E1EF0B8E25293EF000D45F44 /* InstagramTests.swift in Sources */,
			);
			runOnlyForDeploymentPostprocessing = 0;
		};
		E1EF0B9025293EF000D45F44 /* Sources */ = {
			isa = PBXSourcesBuildPhase;
			buildActionMask = 2147483647;
			files = (
				E1EF0B9925293EF000D45F44 /* InstagramUITests.swift in Sources */,
			);
			runOnlyForDeploymentPostprocessing = 0;
		};
/* End PBXSourcesBuildPhase section */

/* Begin PBXTargetDependency section */
		E1EF0B8B25293EF000D45F44 /* PBXTargetDependency */ = {
			isa = PBXTargetDependency;
			target = E1EF0B7225293EE200D45F44 /* Instagram */;
			targetProxy = E1EF0B8A25293EF000D45F44 /* PBXContainerItemProxy */;
		};
		E1EF0B9625293EF000D45F44 /* PBXTargetDependency */ = {
			isa = PBXTargetDependency;
			target = E1EF0B7225293EE200D45F44 /* Instagram */;
			targetProxy = E1EF0B9525293EF000D45F44 /* PBXContainerItemProxy */;
		};
/* End PBXTargetDependency section */

/* Begin PBXVariantGroup section */
		E1EF0B7C25293EE300D45F44 /* Main.storyboard */ = {
			isa = PBXVariantGroup;
			children = (
				E1EF0B7D25293EE300D45F44 /* Base */,
			);
			name = Main.storyboard;
			sourceTree = "<group>";
		};
		E1EF0B8125293EEF00D45F44 /* LaunchScreen.storyboard */ = {
			isa = PBXVariantGroup;
			children = (
				E1EF0B8225293EEF00D45F44 /* Base */,
			);
			name = LaunchScreen.storyboard;
			sourceTree = "<group>";
		};
/* End PBXVariantGroup section */

/* Begin XCBuildConfiguration section */
		E1EF0B9B25293EF000D45F44 /* Debug */ = {
			isa = XCBuildConfiguration;
			buildSettings = {
				ALWAYS_SEARCH_USER_PATHS = NO;
				CLANG_ANALYZER_NONNULL = YES;
				CLANG_ANALYZER_NUMBER_OBJECT_CONVERSION = YES_AGGRESSIVE;
				CLANG_CXX_LANGUAGE_STANDARD = "gnu++14";
				CLANG_CXX_LIBRARY = "libc++";
				CLANG_ENABLE_MODULES = YES;
				CLANG_ENABLE_OBJC_ARC = YES;
				CLANG_ENABLE_OBJC_WEAK = YES;
				CLANG_WARN_BLOCK_CAPTURE_AUTORELEASING = YES;
				CLANG_WARN_BOOL_CONVERSION = YES;
				CLANG_WARN_COMMA = YES;
				CLANG_WARN_CONSTANT_CONVERSION = YES;
				CLANG_WARN_DEPRECATED_OBJC_IMPLEMENTATIONS = YES;
				CLANG_WARN_DIRECT_OBJC_ISA_USAGE = YES_ERROR;
				CLANG_WARN_DOCUMENTATION_COMMENTS = YES;
				CLANG_WARN_EMPTY_BODY = YES;
				CLANG_WARN_ENUM_CONVERSION = YES;
				CLANG_WARN_INFINITE_RECURSION = YES;
				CLANG_WARN_INT_CONVERSION = YES;
				CLANG_WARN_NON_LITERAL_NULL_CONVERSION = YES;
				CLANG_WARN_OBJC_IMPLICIT_RETAIN_SELF = YES;
				CLANG_WARN_OBJC_LITERAL_CONVERSION = YES;
				CLANG_WARN_OBJC_ROOT_CLASS = YES_ERROR;
				CLANG_WARN_RANGE_LOOP_ANALYSIS = YES;
				CLANG_WARN_STRICT_PROTOTYPES = YES;
				CLANG_WARN_SUSPICIOUS_MOVE = YES;
				CLANG_WARN_UNGUARDED_AVAILABILITY = YES_AGGRESSIVE;
				CLANG_WARN_UNREACHABLE_CODE = YES;
				CLANG_WARN__DUPLICATE_METHOD_MATCH = YES;
				COPY_PHASE_STRIP = NO;
				DEBUG_INFORMATION_FORMAT = dwarf;
				ENABLE_STRICT_OBJC_MSGSEND = YES;
				ENABLE_TESTABILITY = YES;
				GCC_C_LANGUAGE_STANDARD = gnu11;
				GCC_DYNAMIC_NO_PIC = NO;
				GCC_NO_COMMON_BLOCKS = YES;
				GCC_OPTIMIZATION_LEVEL = 0;
				GCC_PREPROCESSOR_DEFINITIONS = (
					"DEBUG=1",
					"$(inherited)",
				);
				GCC_WARN_64_TO_32_BIT_CONVERSION = YES;
				GCC_WARN_ABOUT_RETURN_TYPE = YES_ERROR;
				GCC_WARN_UNDECLARED_SELECTOR = YES;
				GCC_WARN_UNINITIALIZED_AUTOS = YES_AGGRESSIVE;
				GCC_WARN_UNUSED_FUNCTION = YES;
				GCC_WARN_UNUSED_VARIABLE = YES;
				IPHONEOS_DEPLOYMENT_TARGET = 13.7;
				MTL_ENABLE_DEBUG_INFO = INCLUDE_SOURCE;
				MTL_FAST_MATH = YES;
				ONLY_ACTIVE_ARCH = YES;
				SDKROOT = iphoneos;
				SWIFT_ACTIVE_COMPILATION_CONDITIONS = DEBUG;
				SWIFT_OPTIMIZATION_LEVEL = "-Onone";
			};
			name = Debug;
		};
		E1EF0B9C25293EF000D45F44 /* Release */ = {
			isa = XCBuildConfiguration;
			buildSettings = {
				ALWAYS_SEARCH_USER_PATHS = NO;
				CLANG_ANALYZER_NONNULL = YES;
				CLANG_ANALYZER_NUMBER_OBJECT_CONVERSION = YES_AGGRESSIVE;
				CLANG_CXX_LANGUAGE_STANDARD = "gnu++14";
				CLANG_CXX_LIBRARY = "libc++";
				CLANG_ENABLE_MODULES = YES;
				CLANG_ENABLE_OBJC_ARC = YES;
				CLANG_ENABLE_OBJC_WEAK = YES;
				CLANG_WARN_BLOCK_CAPTURE_AUTORELEASING = YES;
				CLANG_WARN_BOOL_CONVERSION = YES;
				CLANG_WARN_COMMA = YES;
				CLANG_WARN_CONSTANT_CONVERSION = YES;
				CLANG_WARN_DEPRECATED_OBJC_IMPLEMENTATIONS = YES;
				CLANG_WARN_DIRECT_OBJC_ISA_USAGE = YES_ERROR;
				CLANG_WARN_DOCUMENTATION_COMMENTS = YES;
				CLANG_WARN_EMPTY_BODY = YES;
				CLANG_WARN_ENUM_CONVERSION = YES;
				CLANG_WARN_INFINITE_RECURSION = YES;
				CLANG_WARN_INT_CONVERSION = YES;
				CLANG_WARN_NON_LITERAL_NULL_CONVERSION = YES;
				CLANG_WARN_OBJC_IMPLICIT_RETAIN_SELF = YES;
				CLANG_WARN_OBJC_LITERAL_CONVERSION = YES;
				CLANG_WARN_OBJC_ROOT_CLASS = YES_ERROR;
				CLANG_WARN_RANGE_LOOP_ANALYSIS = YES;
				CLANG_WARN_STRICT_PROTOTYPES = YES;
				CLANG_WARN_SUSPICIOUS_MOVE = YES;
				CLANG_WARN_UNGUARDED_AVAILABILITY = YES_AGGRESSIVE;
				CLANG_WARN_UNREACHABLE_CODE = YES;
				CLANG_WARN__DUPLICATE_METHOD_MATCH = YES;
				COPY_PHASE_STRIP = NO;
				DEBUG_INFORMATION_FORMAT = "dwarf-with-dsym";
				ENABLE_NS_ASSERTIONS = NO;
				ENABLE_STRICT_OBJC_MSGSEND = YES;
				GCC_C_LANGUAGE_STANDARD = gnu11;
				GCC_NO_COMMON_BLOCKS = YES;
				GCC_WARN_64_TO_32_BIT_CONVERSION = YES;
				GCC_WARN_ABOUT_RETURN_TYPE = YES_ERROR;
				GCC_WARN_UNDECLARED_SELECTOR = YES;
				GCC_WARN_UNINITIALIZED_AUTOS = YES_AGGRESSIVE;
				GCC_WARN_UNUSED_FUNCTION = YES;
				GCC_WARN_UNUSED_VARIABLE = YES;
				IPHONEOS_DEPLOYMENT_TARGET = 13.7;
				MTL_ENABLE_DEBUG_INFO = NO;
				MTL_FAST_MATH = YES;
				SDKROOT = iphoneos;
				SWIFT_COMPILATION_MODE = wholemodule;
				SWIFT_OPTIMIZATION_LEVEL = "-O";
				VALIDATE_PRODUCT = YES;
			};
			name = Release;
		};
		E1EF0B9E25293EF000D45F44 /* Debug */ = {
			isa = XCBuildConfiguration;
			baseConfigurationReference = EF384BE08344D46C8A272B74 /* Pods-Instagram.debug.xcconfig */;
			buildSettings = {
				ASSETCATALOG_COMPILER_APPICON_NAME = AppIcon;
				CODE_SIGN_STYLE = Automatic;
				DEVELOPMENT_TEAM = 4B5RKA73YJ;
				INFOPLIST_FILE = Instagram/Info.plist;
				LD_RUNPATH_SEARCH_PATHS = (
					"$(inherited)",
					"@executable_path/Frameworks",
				);
				PRODUCT_BUNDLE_IDENTIFIER = Lagua.Instagram;
				PRODUCT_NAME = "$(TARGET_NAME)";
				SWIFT_VERSION = 5.0;
				TARGETED_DEVICE_FAMILY = "1,2";
			};
			name = Debug;
		};
		E1EF0B9F25293EF000D45F44 /* Release */ = {
			isa = XCBuildConfiguration;
			baseConfigurationReference = 501A6BDE1FC35DEF4719C601 /* Pods-Instagram.release.xcconfig */;
			buildSettings = {
				ASSETCATALOG_COMPILER_APPICON_NAME = AppIcon;
				CODE_SIGN_STYLE = Automatic;
				DEVELOPMENT_TEAM = 4B5RKA73YJ;
				INFOPLIST_FILE = Instagram/Info.plist;
				LD_RUNPATH_SEARCH_PATHS = (
					"$(inherited)",
					"@executable_path/Frameworks",
				);
				PRODUCT_BUNDLE_IDENTIFIER = Lagua.Instagram;
				PRODUCT_NAME = "$(TARGET_NAME)";
				SWIFT_VERSION = 5.0;
				TARGETED_DEVICE_FAMILY = "1,2";
			};
			name = Release;
		};
		E1EF0BA125293EF000D45F44 /* Debug */ = {
			isa = XCBuildConfiguration;
			baseConfigurationReference = A13554FA4B41BB15FB7348AE /* Pods-InstagramTests.debug.xcconfig */;
			buildSettings = {
				ALWAYS_EMBED_SWIFT_STANDARD_LIBRARIES = YES;
				BUNDLE_LOADER = "$(TEST_HOST)";
				CODE_SIGN_STYLE = Automatic;
				DEVELOPMENT_TEAM = 4B5RKA73YJ;
				INFOPLIST_FILE = InstagramTests/Info.plist;
				IPHONEOS_DEPLOYMENT_TARGET = 13.7;
				LD_RUNPATH_SEARCH_PATHS = (
					"$(inherited)",
					"@executable_path/Frameworks",
					"@loader_path/Frameworks",
				);
				PRODUCT_BUNDLE_IDENTIFIER = Lagua.InstagramTests;
				PRODUCT_NAME = "$(TARGET_NAME)";
				SWIFT_VERSION = 5.0;
				TARGETED_DEVICE_FAMILY = "1,2";
				TEST_HOST = "$(BUILT_PRODUCTS_DIR)/Instagram.app/Instagram";
			};
			name = Debug;
		};
		E1EF0BA225293EF000D45F44 /* Release */ = {
			isa = XCBuildConfiguration;
			baseConfigurationReference = A7A664822A5573D725695D0A /* Pods-InstagramTests.release.xcconfig */;
			buildSettings = {
				ALWAYS_EMBED_SWIFT_STANDARD_LIBRARIES = YES;
				BUNDLE_LOADER = "$(TEST_HOST)";
				CODE_SIGN_STYLE = Automatic;
				DEVELOPMENT_TEAM = 4B5RKA73YJ;
				INFOPLIST_FILE = InstagramTests/Info.plist;
				IPHONEOS_DEPLOYMENT_TARGET = 13.7;
				LD_RUNPATH_SEARCH_PATHS = (
					"$(inherited)",
					"@executable_path/Frameworks",
					"@loader_path/Frameworks",
				);
				PRODUCT_BUNDLE_IDENTIFIER = Lagua.InstagramTests;
				PRODUCT_NAME = "$(TARGET_NAME)";
				SWIFT_VERSION = 5.0;
				TARGETED_DEVICE_FAMILY = "1,2";
				TEST_HOST = "$(BUILT_PRODUCTS_DIR)/Instagram.app/Instagram";
			};
			name = Release;
		};
		E1EF0BA425293EF000D45F44 /* Debug */ = {
			isa = XCBuildConfiguration;
			baseConfigurationReference = 685904719163DAB2810ECCF4 /* Pods-Instagram-InstagramUITests.debug.xcconfig */;
			buildSettings = {
				ALWAYS_EMBED_SWIFT_STANDARD_LIBRARIES = YES;
				CODE_SIGN_STYLE = Automatic;
				DEVELOPMENT_TEAM = 4B5RKA73YJ;
				INFOPLIST_FILE = InstagramUITests/Info.plist;
				LD_RUNPATH_SEARCH_PATHS = (
					"$(inherited)",
					"@executable_path/Frameworks",
					"@loader_path/Frameworks",
				);
				PRODUCT_BUNDLE_IDENTIFIER = Lagua.InstagramUITests;
				PRODUCT_NAME = "$(TARGET_NAME)";
				SWIFT_VERSION = 5.0;
				TARGETED_DEVICE_FAMILY = "1,2";
				TEST_TARGET_NAME = Instagram;
			};
			name = Debug;
		};
		E1EF0BA525293EF000D45F44 /* Release */ = {
			isa = XCBuildConfiguration;
			baseConfigurationReference = 7C7B823904D08788006E8610 /* Pods-Instagram-InstagramUITests.release.xcconfig */;
			buildSettings = {
				ALWAYS_EMBED_SWIFT_STANDARD_LIBRARIES = YES;
				CODE_SIGN_STYLE = Automatic;
				DEVELOPMENT_TEAM = 4B5RKA73YJ;
				INFOPLIST_FILE = InstagramUITests/Info.plist;
				LD_RUNPATH_SEARCH_PATHS = (
					"$(inherited)",
					"@executable_path/Frameworks",
					"@loader_path/Frameworks",
				);
				PRODUCT_BUNDLE_IDENTIFIER = Lagua.InstagramUITests;
				PRODUCT_NAME = "$(TARGET_NAME)";
				SWIFT_VERSION = 5.0;
				TARGETED_DEVICE_FAMILY = "1,2";
				TEST_TARGET_NAME = Instagram;
			};
			name = Release;
		};
/* End XCBuildConfiguration section */

/* Begin XCConfigurationList section */
		E1EF0B6E25293EE200D45F44 /* Build configuration list for PBXProject "Instagram" */ = {
			isa = XCConfigurationList;
			buildConfigurations = (
				E1EF0B9B25293EF000D45F44 /* Debug */,
				E1EF0B9C25293EF000D45F44 /* Release */,
			);
			defaultConfigurationIsVisible = 0;
			defaultConfigurationName = Release;
		};
		E1EF0B9D25293EF000D45F44 /* Build configuration list for PBXNativeTarget "Instagram" */ = {
			isa = XCConfigurationList;
			buildConfigurations = (
				E1EF0B9E25293EF000D45F44 /* Debug */,
				E1EF0B9F25293EF000D45F44 /* Release */,
			);
			defaultConfigurationIsVisible = 0;
			defaultConfigurationName = Release;
		};
		E1EF0BA025293EF000D45F44 /* Build configuration list for PBXNativeTarget "InstagramTests" */ = {
			isa = XCConfigurationList;
			buildConfigurations = (
				E1EF0BA125293EF000D45F44 /* Debug */,
				E1EF0BA225293EF000D45F44 /* Release */,
			);
			defaultConfigurationIsVisible = 0;
			defaultConfigurationName = Release;
		};
		E1EF0BA325293EF000D45F44 /* Build configuration list for PBXNativeTarget "InstagramUITests" */ = {
			isa = XCConfigurationList;
			buildConfigurations = (
				E1EF0BA425293EF000D45F44 /* Debug */,
				E1EF0BA525293EF000D45F44 /* Release */,
			);
			defaultConfigurationIsVisible = 0;
			defaultConfigurationName = Release;
		};
/* End XCConfigurationList section */
	};
	rootObject = E1EF0B6B25293EE200D45F44 /* Project object */;
}
